
Microsoft Visual Studio Solution File, Format Version 11.00
# Visual Studio 2010
Project("{FAE04EC0-301F-11D3-BF4B-00C04F79EFBC}") = "SignalR.Mongo", "SignalR.Mongo\SignalR.Mongo.csproj", "{97B17597-3612-466E-BAB7-2A657A899BBD}"
EndProject
Project("{FAE04EC0-301F-11D3-BF4B-00C04F79EFBC}") = "Mongo.Sample", "Mongo.Sample\Mongo.Sample.csproj", "{788F0A75-D104-4F10-8747-486FD07BCB43}"
EndProject
Global
	GlobalSection(SolutionConfigurationPlatforms) = preSolution
		Debug|Any CPU = Debug|Any CPU
		Release|Any CPU = Release|Any CPU
	EndGlobalSection
	GlobalSection(ProjectConfigurationPlatforms) = postSolution
		{97B17597-3612-466E-BAB7-2A657A899BBD}.Debug|Any CPU.ActiveCfg = Debug|Any CPU
		{97B17597-3612-466E-BAB7-2A657A899BBD}.Debug|Any CPU.Build.0 = Debug|Any CPU
		{97B17597-3612-466E-BAB7-2A657A899BBD}.Release|Any CPU.ActiveCfg = Release|Any CPU
		{97B17597-3612-466E-BAB7-2A657A899BBD}.Release|Any CPU.Build.0 = Release|Any CPU
		{788F0A75-D104-4F10-8747-486FD07BCB43}.Debug|Any CPU.ActiveCfg = Debug|Any CPU
		{788F0A75-D104-4F10-8747-486FD07BCB43}.Debug|Any CPU.Build.0 = Debug|Any CPU
		{788F0A75-D104-4F10-8747-486FD07BCB43}.Release|Any CPU.ActiveCfg = Release|Any CPU
		{788F0A75-D104-4F10-8747-486FD07BCB43}.Release|Any CPU.Build.0 = Release|Any CPU
	EndGlobalSection
	GlobalSection(SolutionProperties) = preSolution
		HideSolutionNode = FALSE
	EndGlobalSection
EndGlobal
